<?xml version="1.0" encoding="utf-8"?>
<Project ToolsVersion="4.0" xmlns="http://schemas.microsoft.com/developer/msbuild/2003">
  <ItemGroup>
    <Filter Include="Source Files">
      <UniqueIdentifier>{4FC737F1-C7A5-4376-A066-2A32D752A2FF}</UniqueIdentifier>
      <Extensions>cpp;c;cc;cxx;def;odl;idl;hpj;bat;asm;asmx</Extensions>
    </Filter>
    <Filter Include="Header Files">
      <UniqueIdentifier>{93995380-89BD-4b04-88EB-625FBE52EBFB}</UniqueIdentifier>
      <Extensions>h;hh;hpp;hxx;hm;inl;inc;ipp;xsd</Extensions>
    </Filter>
    <Filter Include="Resource Files">
      <UniqueIdentifier>{67DA6AB6-F800-4c08-8B7A-83BB121AAD01}</UniqueIdentifier>
      <Extensions>rc;ico;cur;bmp;dlg;rc2;rct;bin;rgs;gif;jpg;jpeg;jpe;resx;tiff;tif;png;wav;mfcribbon-ms</Extensions>
    </Filter>
  </ItemGroup>
  <ItemGroup>
    <ClInclude Include="CoreDefs.h">
      <Filter>Header Files</Filter>
    </ClInclude>
    <ClInclude Include="Result.h">
      <Filter>Header Files</Filter>
    </ClInclude>
    <ClInclude Include="rkclib.h">
      <Filter>Header Files</Filter>
    </ClInclude>
    <ClInclude Include="Vector.h">
      <Filter>Header Files</Filter>
    </ClInclude>
    <ClInclude Include="ResultCode.h">
      <Filter>Header Files</Filter>
    </ClInclude>
    <ClInclude Include="IAllocator.h">
      <Filter>Header Files</Filter>
    </ClInclude>
    <ClInclude Include="Lexer.h">
      <Filter>Header Files</Filter>
    </ClInclude>
    <ClInclude Include="IStream.h">
      <Filter>Header Files</Filter>
    </ClInclude>
    <ClInclude Include="rkccore.h">
      <Filter>Header Files</Filter>
    </ClInclude>
    <ClInclude Include="IDestructible.h">
      <Filter>Header Files</Filter>
    </ClInclude>
    <ClInclude Include="Tuple.h">
      <Filter>Header Files</Filter>
    </ClInclude>
    <ClInclude Include="TypeTuple.h">
      <Filter>Header Files</Filter>
    </ClInclude>
    <ClInclude Include="CharCodes.h">
      <Filter>Header Files</Filter>
    </ClInclude>
    <ClInclude Include="Unicode.h">
      <Filter>Header Files</Filter>
    </ClInclude>
    <ClInclude Include="Optional.h">
      <Filter>Header Files</Filter>
    </ClInclude>
    <ClInclude Include="RefCounted.h">
      <Filter>Header Files</Filter>
    </ClInclude>
    <ClInclude Include="StaticArray.h">
      <Filter>Header Files</Filter>
    </ClInclude>
    <ClInclude Include="ArraySliceView.h">
      <Filter>Header Files</Filter>
    </ClInclude>
    <ClInclude Include="ArrayTools.h">
      <Filter>Header Files</Filter>
    </ClInclude>
    <ClInclude Include="HashMap.h">
      <Filter>Header Files</Filter>
    </ClInclude>
    <ClInclude Include="Placeholder.h">
      <Filter>Header Files</Filter>
    </ClInclude>
    <ClInclude Include="Nothing.h">
      <Filter>Header Files</Filter>
    </ClInclude>
    <ClInclude Include="MoveOrCopy.h">
      <Filter>Header Files</Filter>
    </ClInclude>
    <ClInclude Include="Hasher.h">
      <Filter>Header Files</Filter>
    </ClInclude>
    <ClInclude Include="Comparer.h">
      <Filter>Header Files</Filter>
    </ClInclude>
    <ClInclude Include="Cloner.h">
      <Filter>Header Files</Filter>
    </ClInclude>
    <ClInclude Include="ModuleDef.h">
      <Filter>Header Files</Filter>
    </ClInclude>
    <ClInclude Include="RCPtr.h">
      <Filter>Header Files</Filter>
    </ClInclude>
    <ClInclude Include="Parser.h">
      <Filter>Header Files</Filter>
    </ClInclude>
    <ClInclude Include="BitUtils.h">
      <Filter>Header Files</Filter>
    </ClInclude>
    <ClInclude Include="FloatSpec.h">
      <Filter>Header Files</Filter>
    </ClInclude>
    <ClInclude Include="BigSBinFloat.h">
      <Filter>Header Files</Filter>
    </ClInclude>
    <ClInclude Include="DecBin.h">
      <Filter>Header Files</Filter>
    </ClInclude>
    <ClInclude Include="NumStr.h">
      <Filter>Header Files</Filter>
    </ClInclude>
    <ClInclude Include="NumUtils.h">
      <Filter>Header Files</Filter>
    </ClInclude>
    <ClInclude Include="BigUFloat.h">
      <Filter>Header Files</Filter>
    </ClInclude>
    <ClInclude Include="BigUBinFloatProto.h">
      <Filter>Header Files</Filter>
    </ClInclude>
    <ClInclude Include="BigUDecFloatProto.h">
      <Filter>Header Files</Filter>
    </ClInclude>
  </ItemGroup>
  <ItemGroup>
    <ClCompile Include="Result.cpp">
      <Filter>Source Files</Filter>
    </ClCompile>
    <ClCompile Include="Parser.cpp">
      <Filter>Source Files</Filter>
    </ClCompile>
    <ClCompile Include="Lexer.cpp">
      <Filter>Source Files</Filter>
    </ClCompile>
    <ClCompile Include="rkclib.cpp">
      <Filter>Source Files</Filter>
    </ClCompile>
    <ClCompile Include="Unicode.cpp">
      <Filter>Source Files</Filter>
    </ClCompile>
    <ClCompile Include="BitUtils.cpp">
      <Filter>Source Files</Filter>
    </ClCompile>
    <ClCompile Include="Test_BigAtof.cpp">
      <Filter>Source Files</Filter>
    </ClCompile>
    <ClCompile Include="Test.cpp">
      <Filter>Source Files</Filter>
    </ClCompile>
    <ClCompile Include="DecBin.cpp">
      <Filter>Source Files</Filter>
    </ClCompile>
    <ClCompile Include="NumStr.cpp">
      <Filter>Source Files</Filter>
    </ClCompile>
    <ClCompile Include="BigUDecFloat.cpp">
      <Filter>Source Files</Filter>
    </ClCompile>
    <ClCompile Include="NumUtils.cpp">
      <Filter>Source Files</Filter>
    </ClCompile>
  </ItemGroup>
</Project>